# This file is automatically @generated by Poetry and should not be changed by hand.

[[package]]
name = "pytube"
version = "12.1.2"
description = "Python 3 library for downloading YouTube Videos."
category = "main"
optional = false
python-versions = ">=3.6"
files = [
    {file = "pytube-12.1.2-py3-none-any.whl", hash = "sha256:a844800002744f33107f4440543f9a5f1fd9fcd97dad35cf2dd4803212352d9a"},
    {file = "pytube-12.1.2.tar.gz", hash = "sha256:2d34a484f81cae106ea84e8c00871f97dcc293e8ed8c074e65abc4119f02c98f"},
]

[[package]]
name = "traitlets"
version = "5.9.0"
description = "Traitlets Python configuration system"
category = "main"
optional = false
python-versions = ">=3.7"
files = [
    {file = "traitlets-5.9.0-py3-none-any.whl", hash = "sha256:9e6ec080259b9a5940c797d58b613b5e31441c2257b87c2e795c5228ae80d2d8"},
    {file = "traitlets-5.9.0.tar.gz", hash = "sha256:f6cde21a9c68cf756af02035f72d5a723bf607e862e7be33ece505abf4a3bad9"},
]

[package.extras]
docs = ["myst-parser", "pydata-sphinx-theme", "sphinx"]
test = ["argcomplete (>=2.0)", "pre-commit", "pytest", "pytest-mock"]

[metadata]
lock-version = "2.0"
python-versions = "^3.11"
content-hash = "612356e52eccff825b75bc47a28b56543d1d1be73c7f580103b24a8eac394c56"
